<?xml version="1.0" encoding="utf-8"?>
<Project ToolsVersion="4.0" xmlns="http://schemas.microsoft.com/developer/msbuild/2003">
  <ItemGroup>
    <Filter Include="Source Files">
      <UniqueIdentifier>{4FC737F1-C7A5-4376-A066-2A32D752A3FF}</UniqueIdentifier>
      <Extensions>cpp;c;cc;cxx;def;odl;idl;hpj;bat;asm;asmx</Extensions>
    </Filter>
    <Filter Include="Header Files">
      <UniqueIdentifier>{93995380-89BD-4b04-88EB-625FBE52ECFB}</UniqueIdentifier>
      <Extensions>h;hpp;hxx;hm;inl;inc;xsd</Extensions>
    </Filter>
    <Filter Include="Header Files\Common">
      <UniqueIdentifier>{c3c734db-005a-4af9-b6a5-a2dfdb5755b1}</UniqueIdentifier>
    </Filter>
    <Filter Include="Source Files\Common">
      <UniqueIdentifier>{4b55fbcb-49e7-46b6-b636-977909a0cbaf}</UniqueIdentifier>
    </Filter>
  </ItemGroup>
  <ItemGroup>
    <ClCompile Include="main.cpp">
      <Filter>Source Files</Filter>
    </ClCompile>
    <ClCompile Include="hookmain.cpp">
      <Filter>Source Files</Filter>
    </ClCompile>
    <ClCompile Include="..\Common\stlhelpers.cpp">
      <Filter>Source Files\Common</Filter>
    </ClCompile>
    <ClCompile Include="..\Common\interprocesslog.cpp">
      <Filter>Source Files\Common</Filter>
    </ClCompile>
    <ClCompile Include="..\Common\managedsharedmemory.cpp">
      <Filter>Source Files\Common</Filter>
    </ClCompile>
    <ClCompile Include="..\Common\mainsharedsegment.cpp">
      <Filter>Source Files\Common</Filter>
    </ClCompile>
    <ClCompile Include="glhookmanager.cpp">
      <Filter>Source Files</Filter>
    </ClCompile>
    <ClCompile Include="glstatics.cpp">
      <Filter>Source Files</Filter>
    </ClCompile>
    <ClCompile Include="rewritehook.cpp">
      <Filter>Source Files</Filter>
    </ClCompile>
    <ClCompile Include="glhook.cpp">
      <Filter>Source Files</Filter>
    </ClCompile>
    <ClCompile Include="..\Common\capturesharedsegment.cpp">
      <Filter>Source Files\Common</Filter>
    </ClCompile>
    <ClCompile Include="commonhook.cpp">
      <Filter>Source Files</Filter>
    </ClCompile>
    <ClCompile Include="d3d9hookmanager.cpp">
      <Filter>Source Files</Filter>
    </ClCompile>
    <ClCompile Include="d3d9commonhook.cpp">
      <Filter>Source Files</Filter>
    </ClCompile>
    <ClCompile Include="d3d9hook.cpp">
      <Filter>Source Files</Filter>
    </ClCompile>
    <ClCompile Include="..\Common\imghelpers.cpp">
      <Filter>Source Files\Common</Filter>
    </ClCompile>
    <ClCompile Include="d3dstatics.cpp">
      <Filter>Source Files</Filter>
    </ClCompile>
    <ClCompile Include="helpers.cpp">
      <Filter>Source Files</Filter>
    </ClCompile>
    <ClCompile Include="dxgihookmanager.cpp">
      <Filter>Source Files</Filter>
    </ClCompile>
    <ClCompile Include="dx10hook.cpp">
      <Filter>Source Files</Filter>
    </ClCompile>
    <ClCompile Include="dxgicommonhook.cpp">
      <Filter>Source Files</Filter>
    </ClCompile>
    <ClCompile Include="dx11hook.cpp">
      <Filter>Source Files</Filter>
    </ClCompile>
  </ItemGroup>
  <ItemGroup>
    <ClInclude Include="hookmain.h">
      <Filter>Header Files</Filter>
    </ClInclude>
    <ClInclude Include="..\Common\stlincludes.h">
      <Filter>Header Files\Common</Filter>
    </ClInclude>
    <ClInclude Include="..\Common\stlhelpers.h">
      <Filter>Header Files\Common</Filter>
    </ClInclude>
    <ClInclude Include="..\Common\interprocesslog.h">
      <Filter>Header Files\Common</Filter>
    </ClInclude>
    <ClInclude Include="..\Common\managedsharedmemory.h">
      <Filter>Header Files\Common</Filter>
    </ClInclude>
    <ClInclude Include="..\Common\datatypes.h">
      <Filter>Header Files\Common</Filter>
    </ClInclude>
    <ClInclude Include="..\Common\mainsharedsegment.h">
      <Filter>Header Files\Common</Filter>
    </ClInclude>
    <ClInclude Include="glhookmanager.h">
      <Filter>Header Files</Filter>
    </ClInclude>
    <ClInclude Include="glstatics.h">
      <Filter>Header Files</Filter>
    </ClInclude>
    <ClInclude Include="rewritehook.h">
      <Filter>Header Files</Filter>
    </ClInclude>
    <ClInclude Include="glhook.h">
      <Filter>Header Files</Filter>
    </ClInclude>
    <ClInclude Include="..\Common\capturesharedsegment.h">
      <Filter>Header Files\Common</Filter>
    </ClInclude>
    <ClInclude Include="commonhook.h">
      <Filter>Header Files</Filter>
    </ClInclude>
    <ClInclude Include="d3d9hookmanager.h">
      <Filter>Header Files</Filter>
    </ClInclude>
    <ClInclude Include="d3d9commonhook.h">
      <Filter>Header Files</Filter>
    </ClInclude>
    <ClInclude Include="d3d9hook.h">
      <Filter>Header Files</Filter>
    </ClInclude>
    <ClInclude Include="..\Common\imghelpers.h">
      <Filter>Header Files\Common</Filter>
    </ClInclude>
    <ClInclude Include="d3dstatics.h">
      <Filter>Header Files</Filter>
    </ClInclude>
    <ClInclude Include="helpers.h">
      <Filter>Header Files</Filter>
    </ClInclude>
    <ClInclude Include="dxgihookmanager.h">
      <Filter>Header Files</Filter>
    </ClInclude>
    <ClInclude Include="dxgicommonhook.h">
      <Filter>Header Files</Filter>
    </ClInclude>
    <ClInclude Include="dx10hook.h">
      <Filter>Header Files</Filter>
    </ClInclude>
    <ClInclude Include="dx11hook.h">
      <Filter>Header Files</Filter>
    </ClInclude>
    <ClInclude Include="resource.h">
      <Filter>Header Files</Filter>
    </ClInclude>
  </ItemGroup>
  <ItemGroup>
    <ResourceCompile Include="Hook.rc" />
  </ItemGroup>
</Project>